{
    "_readme": [
        "This file locks the dependencies of your project to a known state",
        "Read more about it at https://getcomposer.org/doc/01-basic-usage.md#composer-lock-the-lock-file",
        "This file is @generated automatically"
    ],
    "hash": "269b62c90e46dc4020c5462b83d49509",
    "content-hash": "87a44900a9d0e5f7a433996f65eeb2c6",
    "packages": [],
    "packages-dev": [
        {
            "name": "krlove/code-generator",
            "version": "1.0.0",
            "source": {
                "type": "git",
                "url": "https://github.com/krlove/code-generator.git",
                "reference": "c1f0cb6898c5e378528c095d54623171e62ee1c3"
            },
            "dist": {
                "type": "zip",
                "url": "https://api.github.com/repos/krlove/code-generator/zipball/c1f0cb6898c5e378528c095d54623171e62ee1c3",
                "reference": "c1f0cb6898c5e378528c095d54623171e62ee1c3",
                "shasum": ""
            },
            "type": "library",
            "autoload": {
                "psr-4": {
                    "Krlove\\CodeGenerator\\": "src/"
                }
            },
            "notification-url": "https://packagist.org/downloads/",
            "license": [
                "MIT"
            ],
            "description": "Code Generator",
            "time": "2016-04-03 14:09:31"
        }
    ],
    "aliases": [],
    "minimum-stability": "dev",
    "stability-flags": [],
    "prefer-stable": false,
    "prefer-lowest": false,
    "platform": [],
    "platform-dev": []
}
